// !$*UTF8*$!
{
	archiveVersion = 1;
	classes = {
	};
	objectVersion = 46;
	objects = {

/* Begin PBXBuildFile section */
		FEC012181D3569C800D4E1F1 /* AppDelegate.swift in Sources */ = {isa = PBXBuildFile; fileRef = FEC012171D3569C800D4E1F1 /* AppDelegate.swift */; };
		FEC0121A1D3569C800D4E1F1 /* ViewController.swift in Sources */ = {isa = PBXBuildFile; fileRef = FEC012191D3569C800D4E1F1 /* ViewController.swift */; };
		FEC0121D1D3569C800D4E1F1 /* Main.storyboard in Resources */ = {isa = PBXBuildFile; fileRef = FEC0121B1D3569C800D4E1F1 /* Main.storyboard */; };
		FEC0121F1D3569C900D4E1F1 /* Assets.xcassets in Resources */ = {isa = PBXBuildFile; fileRef = FEC0121E1D3569C900D4E1F1 /* Assets.xcassets */; };
		FEC012221D3569C900D4E1F1 /* LaunchScreen.storyboard in Resources */ = {isa = PBXBuildFile; fileRef = FEC012201D3569C900D4E1F1 /* LaunchScreen.storyboard */; };
/* End PBXBuildFile section */

/* Begin PBXFileReference section */
		FEC012141D3569C800D4E1F1 /* PopRank.app */ = {isa = PBXFileReference; explicitFileType = wrapper.application; includeInIndex = 0; path = PopRank.app; sourceTree = BUILT_PRODUCTS_DIR; };
		FEC012171D3569C800D4E1F1 /* AppDelegate.swift */ = {isa = PBXFileReference; lastKnownFileType = sourcecode.swift; path = AppDelegate.swift; sourceTree = "<group>"; };
		FEC012191D3569C800D4E1F1 /* ViewController.swift */ = {isa = PBXFileReference; lastKnownFileType = sourcecode.swift; path = ViewController.swift; sourceTree = "<group>"; };
		FEC0121C1D3569C800D4E1F1 /* Base */ = {isa = PBXFileReference; lastKnownFileType = file.storyboard; name = Base; path = Base.lproj/Main.storyboard; sourceTree = "<group>"; };
		FEC0121E1D3569C900D4E1F1 /* Assets.xcassets */ = {isa = PBXFileReference; lastKnownFileType = folder.assetcatalog; path = Assets.xcassets; sourceTree = "<group>"; };
		FEC012211D3569C900D4E1F1 /* Base */ = {isa = PBXFileReference; lastKnownFileType = file.storyboard; name = Base; path = Base.lproj/LaunchScreen.storyboard; sourceTree = "<group>"; };
		FEC012231D3569C900D4E1F1 /* Info.plist */ = {isa = PBXFileReference; lastKnownFileType = text.plist.xml; path = Info.plist; sourceTree = "<group>"; };
/* End PBXFileReference section */

/* Begin PBXFrameworksBuildPhase section */
		FEC012111D3569C800D4E1F1 /* Frameworks */ = {
			isa = PBXFrameworksBuildPhase;
			buildActionMask = 2147483647;
			files = (
			);
			runOnlyForDeploymentPostprocessing = 0;
		};
/* End PBXFrameworksBuildPhase section */

/* Begin PBXGroup section */
		FEC0120B1D3569C800D4E1F1 = {
			isa = PBXGroup;
			children = (
				FEC012161D3569C800D4E1F1 /* PopRank */,
				FEC012151D3569C800D4E1F1 /* Products */,
			);
			sourceTree = "<group>";
		};
		FEC012151D3569C800D4E1F1 /* Products */ = {
			isa = PBXGroup;
			children = (
				FEC012141D3569C800D4E1F1 /* PopRank.app */,
			);
			name = Products;
			sourceTree = "<group>";
		};
		FEC012161D3569C800D4E1F1 /* PopRank */ = {
			isa = PBXGroup;
			children = (
				FEC012171D3569C800D4E1F1 /* AppDelegate.swift */,
				FEC012191D3569C800D4E1F1 /* ViewController.swift */,
				FEC0121B1D3569C800D4E1F1 /* Main.storyboard */,
				FEC0121E1D3569C900D4E1F1 /* Assets.xcassets */,
				FEC012201D3569C900D4E1F1 /* LaunchScreen.storyboard */,
				FEC012231D3569C900D4E1F1 /* Info.plist */,
			);
			path = PopRank;
			sourceTree = "<group>";
		};
/* End PBXGroup section */

/* Begin PBXNativeTarget section */
		FEC012131D3569C800D4E1F1 /* PopRank */ = {
			isa = PBXNativeTarget;
			buildConfigurationList = FEC012261D3569C900D4E1F1 /* Build configuration list for PBXNativeTarget "PopRank" */;
			buildPhases = (
				FEC012101D3569C800D4E1F1 /* Sources */,
				FEC012111D3569C800D4E1F1 /* Frameworks */,
				FEC012121D3569C800D4E1F1 /* Resources */,
			);
			buildRules = (
			);
			dependencies = (
			);
			name = PopRank;
			productName = PopRank;
			productReference = FEC012141D3569C800D4E1F1 /* PopRank.app */;
			productType = "com.apple.product-type.application";
		};
/* End PBXNativeTarget section */

/* Begin PBXProject section */
		FEC0120C1D3569C800D4E1F1 /* Project object */ = {
			isa = PBXProject;
			attributes = {
				LastSwiftUpdateCheck = 0730;
				LastUpgradeCheck = 0730;
				ORGANIZATIONNAME = AffixGrp;
				TargetAttributes = {
					FEC012131D3569C800D4E1F1 = {
						CreatedOnToolsVersion = 7.3.1;
					};
				};
			};
			buildConfigurationList = FEC0120F1D3569C800D4E1F1 /* Build configuration list for PBXProject "PopRank" */;
			compatibilityVersion = "Xcode 3.2";
			developmentRegion = English;
			hasScannedForEncodings = 0;
			knownRegions = (
				en,
				Base,
			);
			mainGroup = FEC0120B1D3569C800D4E1F1;
			productRefGroup = FEC012151D3569C800D4E1F1 /* Products */;
			projectDirPath = "";
			projectRoot = "";
			targets = (
				FEC012131D3569C800D4E1F1 /* PopRank */,
			);
		};
/* End PBXProject section */

/* Begin PBXResourcesBuildPhase section */
		FEC012121D3569C800D4E1F1 /* Resources */ = {
			isa = PBXResourcesBuildPhase;
			buildActionMask = 2147483647;
			files = (
				FEC012221D3569C900D4E1F1 /* LaunchScreen.storyboard in Resources */,
				FEC0121F1D3569C900D4E1F1 /* Assets.xcassets in Resources */,
				FEC0121D1D3569C800D4E1F1 /* Main.storyboard in Resources */,
			);
			runOnlyForDeploymentPostprocessing = 0;
		};
/* End PBXResourcesBuildPhase section */

/* Begin PBXSourcesBuildPhase section */
		FEC012101D3569C800D4E1F1 /* Sources */ = {
			isa = PBXSourcesBuildPhase;
			buildActionMask = 2147483647;
			files = (
				FEC0121A1D3569C800D4E1F1 /* ViewController.swift in Sources */,
				FEC012181D3569C800D4E1F1 /* AppDelegate.swift in Sources */,
			);
			runOnlyForDeploymentPostprocessing = 0;
		};
/* End PBXSourcesBuildPhase section */

/* Begin PBXVariantGroup section */
		FEC0121B1D3569C800D4E1F1 /* Main.storyboard */ = {
			isa = PBXVariantGroup;
			children = (
				FEC0121C1D3569C800D4E1F1 /* Base */,
			);
			name = Main.storyboard;
			sourceTree = "<group>";
		};
		FEC012201D3569C900D4E1F1 /* LaunchScreen.storyboard */ = {
			isa = PBXVariantGroup;
			children = (
				FEC012211D3569C900D4E1F1 /* Base */,
			);
			name = LaunchScreen.storyboard;
			sourceTree = "<group>";
		};
/* End PBXVariantGroup section */

/* Begin XCBuildConfiguration section */
		FEC012241D3569C900D4E1F1 /* Debug */ = {
			isa = XCBuildConfiguration;
			buildSettings = {
				ALWAYS_SEARCH_USER_PATHS = NO;
				CLANG_ANALYZER_NONNULL = YES;
				CLANG_CXX_LANGUAGE_STANDARD = "gnu++0x";
				CLANG_CXX_LIBRARY = "libc++";
				CLANG_ENABLE_MODULES = YES;
				CLANG_ENABLE_OBJC_ARC = YES;
				CLANG_WARN_BOOL_CONVERSION = YES;
				CLANG_WARN_CONSTANT_CONVERSION = YES;
				CLANG_WARN_DIRECT_OBJC_ISA_USAGE = YES_ERROR;
				CLANG_WARN_EMPTY_BODY = YES;
				CLANG_WARN_ENUM_CONVERSION = YES;
				CLANG_WARN_INT_CONVERSION = YES;
				CLANG_WARN_OBJC_ROOT_CLASS = YES_ERROR;
				CLANG_WARN_UNREACHABLE_CODE = YES;
				CLANG_WARN__DUPLICATE_METHOD_MATCH = YES;
				"CODE_SIGN_IDENTITY[sdk=iphoneos*]" = "iPhone Developer";
				COPY_PHASE_STRIP = NO;
				DEBUG_INFORMATION_FORMAT = dwarf;
				ENABLE_STRICT_OBJC_MSGSEND = YES;
				ENABLE_TESTABILITY = YES;
				GCC_C_LANGUAGE_STANDARD = gnu99;
				GCC_DYNAMIC_NO_PIC = NO;
				GCC_NO_COMMON_BLOCKS = YES;
				GCC_OPTIMIZATION_LEVEL = 0;
				GCC_PREPROCESSOR_DEFINITIONS = (
					"DEBUG=1",
					"$(inherited)",
				);
				GCC_WARN_64_TO_32_BIT_CONVERSION = YES;
				GCC_WARN_ABOUT_RETURN_TYPE = YES_ERROR;
				GCC_WARN_UNDECLARED_SELECTOR = YES;
				GCC_WARN_UNINITIALIZED_AUTOS = YES_AGGRESSIVE;
				GCC_WARN_UNUSED_FUNCTION = YES;
				GCC_WARN_UNUSED_VARIABLE = YES;
				IPHONEOS_DEPLOYMENT_TARGET = 9.3;
				MTL_ENABLE_DEBUG_INFO = YES;
				ONLY_ACTIVE_ARCH = YES;
				SDKROOT = iphoneos;
				SWIFT_OPTIMIZATION_LEVEL = "-Onone";
				TARGETED_DEVICE_FAMILY = "1,2";
			};
			name = Debug;
		};
		FEC012251D3569C900D4E1F1 /* Release */ = {
			isa = XCBuildConfiguration;
			buildSettings = {
				ALWAYS_SEARCH_USER_PATHS = NO;
				CLANG_ANALYZER_NONNULL = YES;
				CLANG_CXX_LANGUAGE_STANDARD = "gnu++0x";
				CLANG_CXX_LIBRARY = "libc++";
				CLANG_ENABLE_MODULES = YES;
				CLANG_ENABLE_OBJC_ARC = YES;
				CLANG_WARN_BOOL_CONVERSION = YES;
				CLANG_WARN_CONSTANT_CONVERSION = YES;
				CLANG_WARN_DIRECT_OBJC_ISA_USAGE = YES_ERROR;
				CLANG_WARN_EMPTY_BODY = YES;
				CLANG_WARN_ENUM_CONVERSION = YES;
				CLANG_WARN_INT_CONVERSION = YES;
				CLANG_WARN_OBJC_ROOT_CLASS = YES_ERROR;
				CLANG_WARN_UNREACHABLE_CODE = YES;
				CLANG_WARN__DUPLICATE_METHOD_MATCH = YES;
				"CODE_SIGN_IDENTITY[sdk=iphoneos*]" = "iPhone Developer";
				COPY_PHASE_STRIP = NO;
				DEBUG_INFORMATION_FORMAT = "dwarf-with-dsym";
				ENABLE_NS_ASSERTIONS = NO;
				ENABLE_STRICT_OBJC_MSGSEND = YES;
				GCC_C_LANGUAGE_STANDARD = gnu99;
				GCC_NO_COMMON_BLOCKS = YES;
				GCC_WARN_64_TO_32_BIT_CONVERSION = YES;
				GCC_WARN_ABOUT_RETURN_TYPE = YES_ERROR;
				GCC_WARN_UNDECLARED_SELECTOR = YES;
				GCC_WARN_UNINITIALIZED_AUTOS = YES_AGGRESSIVE;
				GCC_WARN_UNUSED_FUNCTION = YES;
				GCC_WARN_UNUSED_VARIABLE = YES;
				IPHONEOS_DEPLOYMENT_TARGET = 9.3;
				MTL_ENABLE_DEBUG_INFO = NO;
				SDKROOT = iphoneos;
				TARGETED_DEVICE_FAMILY = "1,2";
				VALIDATE_PRODUCT = YES;
			};
			name = Release;
		};
		FEC012271D3569C900D4E1F1 /* Debug */ = {
			isa = XCBuildConfiguration;
			buildSettings = {
				ASSETCATALOG_COMPILER_APPICON_NAME = AppIcon;
				INFOPLIST_FILE = PopRank/Info.plist;
				LD_RUNPATH_SEARCH_PATHS = "$(inherited) @executable_path/Frameworks";
				PRODUCT_BUNDLE_IDENTIFIER = com.affixgrp.PopRank;
				PRODUCT_NAME = "$(TARGET_NAME)";
			};
			name = Debug;
		};
		FEC012281D3569C900D4E1F1 /* Release */ = {
			isa = XCBuildConfiguration;
			buildSettings = {
				ASSETCATALOG_COMPILER_APPICON_NAME = AppIcon;
				INFOPLIST_FILE = PopRank/Info.plist;
				LD_RUNPATH_SEARCH_PATHS = "$(inherited) @executable_path/Frameworks";
				PRODUCT_BUNDLE_IDENTIFIER = com.affixgrp.PopRank;
				PRODUCT_NAME = "$(TARGET_NAME)";
			};
			name = Release;
		};
/* End XCBuildConfiguration section */

/* Begin XCConfigurationList section */
		FEC0120F1D3569C800D4E1F1 /* Build configuration list for PBXProject "PopRank" */ = {
			isa = XCConfigurationList;
			buildConfigurations = (
				FEC012241D3569C900D4E1F1 /* Debug */,
				FEC012251D3569C900D4E1F1 /* Release */,
			);
			defaultConfigurationIsVisible = 0;
			defaultConfigurationName = Release;
		};
		FEC012261D3569C900D4E1F1 /* Build configuration list for PBXNativeTarget "PopRank" */ = {
			isa = XCConfigurationList;
			buildConfigurations = (
				FEC012271D3569C900D4E1F1 /* Debug */,
				FEC012281D3569C900D4E1F1 /* Release */,
			);
			defaultConfigurationIsVisible = 0;
		};
/* End XCConfigurationList section */
	};
	rootObject = FEC0120C1D3569C800D4E1F1 /* Project object */;
}
